
Microsoft Visual Studio Solution File, Format Version 12.00
Project("{FAE04EC0-301F-11D3-BF4B-00C04F79EFBC}") = "Ludus.Resurgo", "Ludus.Resurgo\Ludus.Resurgo.csproj", "{04B6D5E0-32B9-4DC7-B7A1-EE82858223A4}"
EndProject
Project("{FAE04EC0-301F-11D3-BF4B-00C04F79EFBC}") = "Ludus.Resurgo.Tests", "Ludus.Resurgo.Tests\Ludus.Resurgo.Tests.csproj", "{70891593-633A-4E87-A2D2-57E427C10262}"
EndProject
Project("{FAE04EC0-301F-11D3-BF4B-00C04F79EFBC}") = "Ludus.Ardeo", "Ludus.Ardeo\Ludus.Ardeo.csproj", "{FEF5EA9B-A386-46AA-A198-894BC9764E8F}"
EndProject
Project("{FAE04EC0-301F-11D3-BF4B-00C04F79EFBC}") = "Ludus.Ardeo.Tests", "Ludus.Ardeo.Tests\Ludus.Ardeo.Tests.csproj", "{3EFF4FA9-BE2C-433E-8A85-7D781F02FE78}"
EndProject
Global
	GlobalSection(SolutionConfigurationPlatforms) = preSolution
		Debug|Any CPU = Debug|Any CPU
		Release|Any CPU = Release|Any CPU
	EndGlobalSection
	GlobalSection(ProjectConfigurationPlatforms) = postSolution
		{04B6D5E0-32B9-4DC7-B7A1-EE82858223A4}.Debug|Any CPU.ActiveCfg = Debug|Any CPU
		{04B6D5E0-32B9-4DC7-B7A1-EE82858223A4}.Debug|Any CPU.Build.0 = Debug|Any CPU
		{04B6D5E0-32B9-4DC7-B7A1-EE82858223A4}.Release|Any CPU.ActiveCfg = Release|Any CPU
		{04B6D5E0-32B9-4DC7-B7A1-EE82858223A4}.Release|Any CPU.Build.0 = Release|Any CPU
		{70891593-633A-4E87-A2D2-57E427C10262}.Debug|Any CPU.ActiveCfg = Debug|Any CPU
		{70891593-633A-4E87-A2D2-57E427C10262}.Debug|Any CPU.Build.0 = Debug|Any CPU
		{70891593-633A-4E87-A2D2-57E427C10262}.Release|Any CPU.ActiveCfg = Release|Any CPU
		{70891593-633A-4E87-A2D2-57E427C10262}.Release|Any CPU.Build.0 = Release|Any CPU
		{FEF5EA9B-A386-46AA-A198-894BC9764E8F}.Debug|Any CPU.ActiveCfg = Debug|Any CPU
		{FEF5EA9B-A386-46AA-A198-894BC9764E8F}.Debug|Any CPU.Build.0 = Debug|Any CPU
		{FEF5EA9B-A386-46AA-A198-894BC9764E8F}.Release|Any CPU.ActiveCfg = Release|Any CPU
		{FEF5EA9B-A386-46AA-A198-894BC9764E8F}.Release|Any CPU.Build.0 = Release|Any CPU
		{3EFF4FA9-BE2C-433E-8A85-7D781F02FE78}.Debug|Any CPU.ActiveCfg = Debug|Any CPU
		{3EFF4FA9-BE2C-433E-8A85-7D781F02FE78}.Debug|Any CPU.Build.0 = Debug|Any CPU
		{3EFF4FA9-BE2C-433E-8A85-7D781F02FE78}.Release|Any CPU.ActiveCfg = Release|Any CPU
		{3EFF4FA9-BE2C-433E-8A85-7D781F02FE78}.Release|Any CPU.Build.0 = Release|Any CPU
	EndGlobalSection
EndGlobal
